
Microsoft Visual Studio Solution File, Format Version 12.00
# Visual Studio 2015
Project("{FAE04EC0-301F-11D3-BF4B-00C04F79EFBC}") = "fpsPacman.CSharp.Plugins", "fpsPacman.CSharp.Plugins.csproj", "{6C28489D-4B0C-56AF-85FC-3C8B95BE14D1}"
EndProject
Project("{FAE04EC0-301F-11D3-BF4B-00C04F79EFBC}") = "fpsPacman.CSharp", "fpsPacman.CSharp.csproj", "{F1D77AB2-445D-69F8-D86B-BE4D5B7838E8}"
EndProject
Project("{FAE04EC0-301F-11D3-BF4B-00C04F79EFBC}") = "fpsPacman.CSharp.Editor", "fpsPacman.CSharp.Editor.csproj", "{8F47D109-7137-2C42-B133-EADD0F5243FB}"
EndProject
Global
	GlobalSection(SolutionConfigurationPlatforms) = preSolution
		Debug|Any CPU = Debug|Any CPU
		Release|Any CPU = Release|Any CPU
	EndGlobalSection
	GlobalSection(ProjectConfigurationPlatforms) = postSolution
		{6C28489D-4B0C-56AF-85FC-3C8B95BE14D1}.Debug|Any CPU.ActiveCfg = Debug|Any CPU
		{6C28489D-4B0C-56AF-85FC-3C8B95BE14D1}.Debug|Any CPU.Build.0 = Debug|Any CPU
		{6C28489D-4B0C-56AF-85FC-3C8B95BE14D1}.Release|Any CPU.ActiveCfg = Release|Any CPU
		{6C28489D-4B0C-56AF-85FC-3C8B95BE14D1}.Release|Any CPU.Build.0 = Release|Any CPU
		{F1D77AB2-445D-69F8-D86B-BE4D5B7838E8}.Debug|Any CPU.ActiveCfg = Debug|Any CPU
		{F1D77AB2-445D-69F8-D86B-BE4D5B7838E8}.Debug|Any CPU.Build.0 = Debug|Any CPU
		{F1D77AB2-445D-69F8-D86B-BE4D5B7838E8}.Release|Any CPU.ActiveCfg = Release|Any CPU
		{F1D77AB2-445D-69F8-D86B-BE4D5B7838E8}.Release|Any CPU.Build.0 = Release|Any CPU
		{8F47D109-7137-2C42-B133-EADD0F5243FB}.Debug|Any CPU.ActiveCfg = Debug|Any CPU
		{8F47D109-7137-2C42-B133-EADD0F5243FB}.Debug|Any CPU.Build.0 = Debug|Any CPU
		{8F47D109-7137-2C42-B133-EADD0F5243FB}.Release|Any CPU.ActiveCfg = Release|Any CPU
		{8F47D109-7137-2C42-B133-EADD0F5243FB}.Release|Any CPU.Build.0 = Release|Any CPU
	EndGlobalSection
	GlobalSection(SolutionProperties) = preSolution
		HideSolutionNode = FALSE
	EndGlobalSection
EndGlobal
